// !$*UTF8*$!
{
	archiveVersion = 1;
	classes = {
	};
	objectVersion = 54;
	objects = {

/* Begin PBXBuildFile section */
		00B27F0D0D494F579C2AF022 /* Montserrat-Medium.ttf in Resources */ = {isa = PBXBuildFile; fileRef = 2FD7D78A3348417F9647DE27 /* Montserrat-Medium.ttf */; };
		00E356F31AD99517003FC87E /* QbuyPandaDriverAppTests.m in Sources */ = {isa = PBXBuildFile; fileRef = 00E356F21AD99517003FC87E /* QbuyPandaDriverAppTests.m */; };
		084C9B0F91D245AA8DBB00C5 /* Montserrat-SemiBold.ttf in Resources */ = {isa = PBXBuildFile; fileRef = 1A0FE17DC9E740DDA71C5E65 /* Montserrat-SemiBold.ttf */; };
		09DADACDA5DD4A0A9F0A9A69 /* Poppins-SemiBold.ttf in Resources */ = {isa = PBXBuildFile; fileRef = 22D23F0739BB4C31BCD182AC /* Poppins-SemiBold.ttf */; };
		0CD146F10F1B442293649FFD /* Quicksand-Regular.ttf in Resources */ = {isa = PBXBuildFile; fileRef = EE33587EA4F345ECB5BC6F14 /* Quicksand-Regular.ttf */; };
		13B07FBC1A68108700A75B9A /* AppDelegate.mm in Sources */ = {isa = PBXBuildFile; fileRef = 13B07FB01A68108700A75B9A /* AppDelegate.mm */; };
		13B07FBF1A68108700A75B9A /* Images.xcassets in Resources */ = {isa = PBXBuildFile; fileRef = 13B07FB51A68108700A75B9A /* Images.xcassets */; };
		13B07FC11A68108700A75B9A /* main.m in Sources */ = {isa = PBXBuildFile; fileRef = 13B07FB71A68108700A75B9A /* main.m */; };
		19E887195C19417F87D78D35 /* Poppins-ExtraBold.ttf in Resources */ = {isa = PBXBuildFile; fileRef = 4BBA0E98C0464FBBBE20834D /* Poppins-ExtraBold.ttf */; };
		1AF9C6F40F53792E87918AA0 /* libPods-QbuyPandaDriverApp.a in Frameworks */ = {isa = PBXBuildFile; fileRef = 43565DF20F26B10F7238ABBB /* libPods-QbuyPandaDriverApp.a */; };
		31A1D7ED282F46E3BEF49E8C /* Quicksand-Medium.ttf in Resources */ = {isa = PBXBuildFile; fileRef = 4F697EA2B8DD423883748C99 /* Quicksand-Medium.ttf */; };
		3A21B262B29248F8A83CE51E /* Montserrat-Bold.ttf in Resources */ = {isa = PBXBuildFile; fileRef = 224BE23D5C3F4D0B95C42369 /* Montserrat-Bold.ttf */; };
		41A9E08E723B482184815599 /* Quicksand-Light.ttf in Resources */ = {isa = PBXBuildFile; fileRef = FB5C9E1C6CCB4D67A5512BE8 /* Quicksand-Light.ttf */; };
		4965A0DB093E4D949620D52A /* Poppins-BoldItalic.ttf in Resources */ = {isa = PBXBuildFile; fileRef = 1B186B89878B4F5AA346827A /* Poppins-BoldItalic.ttf */; };
		4D8FD209388648E1818FACCC /* Montserrat-Thin.ttf in Resources */ = {isa = PBXBuildFile; fileRef = 6D698388D1F3482982ECA381 /* Montserrat-Thin.ttf */; };
		511171C0683C4850A230AF62 /* Quicksand-Bold.ttf in Resources */ = {isa = PBXBuildFile; fileRef = 2323D5C2F7C54A2C8CC58354 /* Quicksand-Bold.ttf */; };
		5187BB2B92544F56BEA776FE /* Montserrat-Light.ttf in Resources */ = {isa = PBXBuildFile; fileRef = 7CFBC1E0BBA24EB08C81C902 /* Montserrat-Light.ttf */; };
		5E7F9A5FF6224F459B300A36 /* Nunito-ExtraBold.ttf in Resources */ = {isa = PBXBuildFile; fileRef = 53C39683E333418FA66F0721 /* Nunito-ExtraBold.ttf */; };
		5F249BDEC6894D74B88AF9C0 /* Poppins-ExtraLight.ttf in Resources */ = {isa = PBXBuildFile; fileRef = 826098DAF64947A3818F83A7 /* Poppins-ExtraLight.ttf */; };
		5F6B3AEDC413410F92F7803D /* Poppins-MediumItalic.ttf in Resources */ = {isa = PBXBuildFile; fileRef = 0E2D280536164BB78E481BE0 /* Poppins-MediumItalic.ttf */; };
		705A4E525A0745F0B1B29FB7 /* Poppins-Light.ttf in Resources */ = {isa = PBXBuildFile; fileRef = 28F2944123CF4AE8A0854985 /* Poppins-Light.ttf */; };
		739FC66352FD4531BCD8761D /* Poppins-Regular.ttf in Resources */ = {isa = PBXBuildFile; fileRef = 1F056778C2CA40418851502F /* Poppins-Regular.ttf */; };
		81AB9BB82411601600AC10FF /* LaunchScreen.storyboard in Resources */ = {isa = PBXBuildFile; fileRef = 81AB9BB72411601600AC10FF /* LaunchScreen.storyboard */; };
		839A399E0E884E6A8C94FE25 /* Nunito-Bold.ttf in Resources */ = {isa = PBXBuildFile; fileRef = 115D643DF5644E00A170A1EE /* Nunito-Bold.ttf */; };
		83A70E22D4CB461D9FACAD7A /* Poppins-Medium.ttf in Resources */ = {isa = PBXBuildFile; fileRef = 5CD6B81D6DA64D85AD603045 /* Poppins-Medium.ttf */; };
		924ACA6F030141AC96E287CC /* Nunito-Medium.ttf in Resources */ = {isa = PBXBuildFile; fileRef = DEE2E00E39404C5790D89834 /* Nunito-Medium.ttf */; };
		9A12AE6853D74EEEA8E73B00 /* Nunito-ExtraLight.ttf in Resources */ = {isa = PBXBuildFile; fileRef = 2F2A287D94BA45CFA8AFF0EF /* Nunito-ExtraLight.ttf */; };
		A0DD5252B770454CA01906CD /* Quicksand-SemiBold.ttf in Resources */ = {isa = PBXBuildFile; fileRef = 4BAAA24D65244B8AACF5E1AE /* Quicksand-SemiBold.ttf */; };
		A18532B15EF9AD2C9848A95C /* libPods-QbuyPandaDriverApp-QbuyPandaDriverAppTests.a in Frameworks */ = {isa = PBXBuildFile; fileRef = C1205A20C05535A9AE20B3BD /* libPods-QbuyPandaDriverApp-QbuyPandaDriverAppTests.a */; };
		B5F9E1A13F2945619277DBCD /* Poppins-BlackItalic.ttf in Resources */ = {isa = PBXBuildFile; fileRef = 4867A82EE35F4D84BE772C06 /* Poppins-BlackItalic.ttf */; };
		B982237B0F9C492DBD518393 /* Nunito-SemiBold.ttf in Resources */ = {isa = PBXBuildFile; fileRef = 419D5D51EEF14236A1FC073E /* Nunito-SemiBold.ttf */; };
		CDABAD51B90F472FA410197B /* Montserrat-ExtraBold.ttf in Resources */ = {isa = PBXBuildFile; fileRef = F93BBABC43CE49E9A5F3FFE5 /* Montserrat-ExtraBold.ttf */; };
		D055391709584C5F949C3477 /* Poppins-LightItalic.ttf in Resources */ = {isa = PBXBuildFile; fileRef = 0AC94A02E3114143A33D87B4 /* Poppins-LightItalic.ttf */; };
		D795A2E16F20456F96588590 /* Poppins-Thin.ttf in Resources */ = {isa = PBXBuildFile; fileRef = 383CF1B50DD948E3AB07C336 /* Poppins-Thin.ttf */; };
		D8D475B22D6349AB9FDFE7B5 /* Montserrat-ExtraLight.ttf in Resources */ = {isa = PBXBuildFile; fileRef = CC7C734A5B6C40CA9873E4CB /* Montserrat-ExtraLight.ttf */; };
		E22F7FE19582436CBFD0A2CA /* Poppins-Bold.ttf in Resources */ = {isa = PBXBuildFile; fileRef = 69E26039B3094A21A7B6A296 /* Poppins-Bold.ttf */; };
		E7B7555FFC6649A298BFAF10 /* Nunito-Regular.ttf in Resources */ = {isa = PBXBuildFile; fileRef = 24FC1EA563334574B2119BE6 /* Nunito-Regular.ttf */; };
		EBDB039840ED49E7BCEBB4AC /* Montserrat-Regular.ttf in Resources */ = {isa = PBXBuildFile; fileRef = CBD04102FCA6453C88AAFAC4 /* Montserrat-Regular.ttf */; };
		F648035E02944542B92BA51C /* Nunito-Light.ttf in Resources */ = {isa = PBXBuildFile; fileRef = 8E01864AD2084AE99D481FE1 /* Nunito-Light.ttf */; };
/* End PBXBuildFile section */

/* Begin PBXContainerItemProxy section */
		00E356F41AD99517003FC87E /* PBXContainerItemProxy */ = {
			isa = PBXContainerItemProxy;
			containerPortal = 83CBB9F71A601CBA00E9B192 /* Project object */;
			proxyType = 1;
			remoteGlobalIDString = 13B07F861A680F5B00A75B9A;
			remoteInfo = QbuyPandaDriverApp;
		};
/* End PBXContainerItemProxy section */

/* Begin PBXFileReference section */
		00E356EE1AD99517003FC87E /* QbuyPandaDriverAppTests.xctest */ = {isa = PBXFileReference; explicitFileType = wrapper.cfbundle; includeInIndex = 0; path = QbuyPandaDriverAppTests.xctest; sourceTree = BUILT_PRODUCTS_DIR; };
		00E356F11AD99517003FC87E /* Info.plist */ = {isa = PBXFileReference; lastKnownFileType = text.plist.xml; path = Info.plist; sourceTree = "<group>"; };
		00E356F21AD99517003FC87E /* QbuyPandaDriverAppTests.m */ = {isa = PBXFileReference; lastKnownFileType = sourcecode.c.objc; path = QbuyPandaDriverAppTests.m; sourceTree = "<group>"; };
		08DB192C6F206D01F04891C5 /* Pods-QbuyPandaDriverApp.debug.xcconfig */ = {isa = PBXFileReference; includeInIndex = 1; lastKnownFileType = text.xcconfig; name = "Pods-QbuyPandaDriverApp.debug.xcconfig"; path = "Target Support Files/Pods-QbuyPandaDriverApp/Pods-QbuyPandaDriverApp.debug.xcconfig"; sourceTree = "<group>"; };
		0AC94A02E3114143A33D87B4 /* Poppins-LightItalic.ttf */ = {isa = PBXFileReference; explicitFileType = undefined; fileEncoding = 9; includeInIndex = 0; lastKnownFileType = unknown; name = "Poppins-LightItalic.ttf"; path = "../assets/fonts/Poppins-LightItalic.ttf"; sourceTree = "<group>"; };
		0E2D280536164BB78E481BE0 /* Poppins-MediumItalic.ttf */ = {isa = PBXFileReference; explicitFileType = undefined; fileEncoding = 9; includeInIndex = 0; lastKnownFileType = unknown; name = "Poppins-MediumItalic.ttf"; path = "../assets/fonts/Poppins-MediumItalic.ttf"; sourceTree = "<group>"; };
		115D643DF5644E00A170A1EE /* Nunito-Bold.ttf */ = {isa = PBXFileReference; explicitFileType = undefined; fileEncoding = 9; includeInIndex = 0; lastKnownFileType = unknown; name = "Nunito-Bold.ttf"; path = "../assets/fonts/Nunito-Bold.ttf"; sourceTree = "<group>"; };
		13B07F961A680F5B00A75B9A /* QbuyPandaDriverApp.app */ = {isa = PBXFileReference; explicitFileType = wrapper.application; includeInIndex = 0; path = QbuyPandaDriverApp.app; sourceTree = BUILT_PRODUCTS_DIR; };
		13B07FAF1A68108700A75B9A /* AppDelegate.h */ = {isa = PBXFileReference; fileEncoding = 4; lastKnownFileType = sourcecode.c.h; name = AppDelegate.h; path = QbuyPandaDriverApp/AppDelegate.h; sourceTree = "<group>"; };
		13B07FB01A68108700A75B9A /* AppDelegate.mm */ = {isa = PBXFileReference; fileEncoding = 4; lastKnownFileType = sourcecode.cpp.objcpp; name = AppDelegate.mm; path = QbuyPandaDriverApp/AppDelegate.mm; sourceTree = "<group>"; };
		13B07FB51A68108700A75B9A /* Images.xcassets */ = {isa = PBXFileReference; lastKnownFileType = folder.assetcatalog; name = Images.xcassets; path = QbuyPandaDriverApp/Images.xcassets; sourceTree = "<group>"; };
		13B07FB61A68108700A75B9A /* Info.plist */ = {isa = PBXFileReference; fileEncoding = 4; lastKnownFileType = text.plist.xml; name = Info.plist; path = QbuyPandaDriverApp/Info.plist; sourceTree = "<group>"; };
		13B07FB71A68108700A75B9A /* main.m */ = {isa = PBXFileReference; fileEncoding = 4; lastKnownFileType = sourcecode.c.objc; name = main.m; path = QbuyPandaDriverApp/main.m; sourceTree = "<group>"; };
		1A0FE17DC9E740DDA71C5E65 /* Montserrat-SemiBold.ttf */ = {isa = PBXFileReference; explicitFileType = undefined; fileEncoding = 9; includeInIndex = 0; lastKnownFileType = unknown; name = "Montserrat-SemiBold.ttf"; path = "../assets/fonts/Montserrat-SemiBold.ttf"; sourceTree = "<group>"; };
		1B186B89878B4F5AA346827A /* Poppins-BoldItalic.ttf */ = {isa = PBXFileReference; explicitFileType = undefined; fileEncoding = 9; includeInIndex = 0; lastKnownFileType = unknown; name = "Poppins-BoldItalic.ttf"; path = "../assets/fonts/Poppins-BoldItalic.ttf"; sourceTree = "<group>"; };
		1F056778C2CA40418851502F /* Poppins-Regular.ttf */ = {isa = PBXFileReference; explicitFileType = undefined; fileEncoding = 9; includeInIndex = 0; lastKnownFileType = unknown; name = "Poppins-Regular.ttf"; path = "../assets/fonts/Poppins-Regular.ttf"; sourceTree = "<group>"; };
		224BE23D5C3F4D0B95C42369 /* Montserrat-Bold.ttf */ = {isa = PBXFileReference; explicitFileType = undefined; fileEncoding = 9; includeInIndex = 0; lastKnownFileType = unknown; name = "Montserrat-Bold.ttf"; path = "../assets/fonts/Montserrat-Bold.ttf"; sourceTree = "<group>"; };
		22D23F0739BB4C31BCD182AC /* Poppins-SemiBold.ttf */ = {isa = PBXFileReference; explicitFileType = undefined; fileEncoding = 9; includeInIndex = 0; lastKnownFileType = unknown; name = "Poppins-SemiBold.ttf"; path = "../assets/fonts/Poppins-SemiBold.ttf"; sourceTree = "<group>"; };
		2323D5C2F7C54A2C8CC58354 /* Quicksand-Bold.ttf */ = {isa = PBXFileReference; explicitFileType = undefined; fileEncoding = 9; includeInIndex = 0; lastKnownFileType = unknown; name = "Quicksand-Bold.ttf"; path = "../assets/fonts/Quicksand-Bold.ttf"; sourceTree = "<group>"; };
		24FC1EA563334574B2119BE6 /* Nunito-Regular.ttf */ = {isa = PBXFileReference; explicitFileType = undefined; fileEncoding = 9; includeInIndex = 0; lastKnownFileType = unknown; name = "Nunito-Regular.ttf"; path = "../assets/fonts/Nunito-Regular.ttf"; sourceTree = "<group>"; };
		28F2944123CF4AE8A0854985 /* Poppins-Light.ttf */ = {isa = PBXFileReference; explicitFileType = undefined; fileEncoding = 9; includeInIndex = 0; lastKnownFileType = unknown; name = "Poppins-Light.ttf"; path = "../assets/fonts/Poppins-Light.ttf"; sourceTree = "<group>"; };
		2F2A287D94BA45CFA8AFF0EF /* Nunito-ExtraLight.ttf */ = {isa = PBXFileReference; explicitFileType = undefined; fileEncoding = 9; includeInIndex = 0; lastKnownFileType = unknown; name = "Nunito-ExtraLight.ttf"; path = "../assets/fonts/Nunito-ExtraLight.ttf"; sourceTree = "<group>"; };
		2FD7D78A3348417F9647DE27 /* Montserrat-Medium.ttf */ = {isa = PBXFileReference; explicitFileType = undefined; fileEncoding = 9; includeInIndex = 0; lastKnownFileType = unknown; name = "Montserrat-Medium.ttf"; path = "../assets/fonts/Montserrat-Medium.ttf"; sourceTree = "<group>"; };
		383CF1B50DD948E3AB07C336 /* Poppins-Thin.ttf */ = {isa = PBXFileReference; explicitFileType = undefined; fileEncoding = 9; includeInIndex = 0; lastKnownFileType = unknown; name = "Poppins-Thin.ttf"; path = "../assets/fonts/Poppins-Thin.ttf"; sourceTree = "<group>"; };
		419D5D51EEF14236A1FC073E /* Nunito-SemiBold.ttf */ = {isa = PBXFileReference; explicitFileType = undefined; fileEncoding = 9; includeInIndex = 0; lastKnownFileType = unknown; name = "Nunito-SemiBold.ttf"; path = "../assets/fonts/Nunito-SemiBold.ttf"; sourceTree = "<group>"; };
		43565DF20F26B10F7238ABBB /* libPods-QbuyPandaDriverApp.a */ = {isa = PBXFileReference; explicitFileType = archive.ar; includeInIndex = 0; path = "libPods-QbuyPandaDriverApp.a"; sourceTree = BUILT_PRODUCTS_DIR; };
		4867A82EE35F4D84BE772C06 /* Poppins-BlackItalic.ttf */ = {isa = PBXFileReference; explicitFileType = undefined; fileEncoding = 9; includeInIndex = 0; lastKnownFileType = unknown; name = "Poppins-BlackItalic.ttf"; path = "../assets/fonts/Poppins-BlackItalic.ttf"; sourceTree = "<group>"; };
		4BAAA24D65244B8AACF5E1AE /* Quicksand-SemiBold.ttf */ = {isa = PBXFileReference; explicitFileType = undefined; fileEncoding = 9; includeInIndex = 0; lastKnownFileType = unknown; name = "Quicksand-SemiBold.ttf"; path = "../assets/fonts/Quicksand-SemiBold.ttf"; sourceTree = "<group>"; };
		4BBA0E98C0464FBBBE20834D /* Poppins-ExtraBold.ttf */ = {isa = PBXFileReference; explicitFileType = undefined; fileEncoding = 9; includeInIndex = 0; lastKnownFileType = unknown; name = "Poppins-ExtraBold.ttf"; path = "../assets/fonts/Poppins-ExtraBold.ttf"; sourceTree = "<group>"; };
		4F697EA2B8DD423883748C99 /* Quicksand-Medium.ttf */ = {isa = PBXFileReference; explicitFileType = undefined; fileEncoding = 9; includeInIndex = 0; lastKnownFileType = unknown; name = "Quicksand-Medium.ttf"; path = "../assets/fonts/Quicksand-Medium.ttf"; sourceTree = "<group>"; };
		53C39683E333418FA66F0721 /* Nunito-ExtraBold.ttf */ = {isa = PBXFileReference; explicitFileType = undefined; fileEncoding = 9; includeInIndex = 0; lastKnownFileType = unknown; name = "Nunito-ExtraBold.ttf"; path = "../assets/fonts/Nunito-ExtraBold.ttf"; sourceTree = "<group>"; };
		5CD6B81D6DA64D85AD603045 /* Poppins-Medium.ttf */ = {isa = PBXFileReference; explicitFileType = undefined; fileEncoding = 9; includeInIndex = 0; lastKnownFileType = unknown; name = "Poppins-Medium.ttf"; path = "../assets/fonts/Poppins-Medium.ttf"; sourceTree = "<group>"; };
		69E26039B3094A21A7B6A296 /* Poppins-Bold.ttf */ = {isa = PBXFileReference; explicitFileType = undefined; fileEncoding = 9; includeInIndex = 0; lastKnownFileType = unknown; name = "Poppins-Bold.ttf"; path = "../assets/fonts/Poppins-Bold.ttf"; sourceTree = "<group>"; };
		6D698388D1F3482982ECA381 /* Montserrat-Thin.ttf */ = {isa = PBXFileReference; explicitFileType = undefined; fileEncoding = 9; includeInIndex = 0; lastKnownFileType = unknown; name = "Montserrat-Thin.ttf"; path = "../assets/fonts/Montserrat-Thin.ttf"; sourceTree = "<group>"; };
		7CFBC1E0BBA24EB08C81C902 /* Montserrat-Light.ttf */ = {isa = PBXFileReference; explicitFileType = undefined; fileEncoding = 9; includeInIndex = 0; lastKnownFileType = unknown; name = "Montserrat-Light.ttf"; path = "../assets/fonts/Montserrat-Light.ttf"; sourceTree = "<group>"; };
		81AB9BB72411601600AC10FF /* LaunchScreen.storyboard */ = {isa = PBXFileReference; fileEncoding = 4; lastKnownFileType = file.storyboard; name = LaunchScreen.storyboard; path = QbuyPandaDriverApp/LaunchScreen.storyboard; sourceTree = "<group>"; };
		826098DAF64947A3818F83A7 /* Poppins-ExtraLight.ttf */ = {isa = PBXFileReference; explicitFileType = undefined; fileEncoding = 9; includeInIndex = 0; lastKnownFileType = unknown; name = "Poppins-ExtraLight.ttf"; path = "../assets/fonts/Poppins-ExtraLight.ttf"; sourceTree = "<group>"; };
		8E01864AD2084AE99D481FE1 /* Nunito-Light.ttf */ = {isa = PBXFileReference; explicitFileType = undefined; fileEncoding = 9; includeInIndex = 0; lastKnownFileType = unknown; name = "Nunito-Light.ttf"; path = "../assets/fonts/Nunito-Light.ttf"; sourceTree = "<group>"; };
		9E44F6E5216F075BB29D6EA7 /* Pods-QbuyPandaDriverApp-QbuyPandaDriverAppTests.debug.xcconfig */ = {isa = PBXFileReference; includeInIndex = 1; lastKnownFileType = text.xcconfig; name = "Pods-QbuyPandaDriverApp-QbuyPandaDriverAppTests.debug.xcconfig"; path = "Target Support Files/Pods-QbuyPandaDriverApp-QbuyPandaDriverAppTests/Pods-QbuyPandaDriverApp-QbuyPandaDriverAppTests.debug.xcconfig"; sourceTree = "<group>"; };
		C1205A20C05535A9AE20B3BD /* libPods-QbuyPandaDriverApp-QbuyPandaDriverAppTests.a */ = {isa = PBXFileReference; explicitFileType = archive.ar; includeInIndex = 0; path = "libPods-QbuyPandaDriverApp-QbuyPandaDriverAppTests.a"; sourceTree = BUILT_PRODUCTS_DIR; };
		CBD04102FCA6453C88AAFAC4 /* Montserrat-Regular.ttf */ = {isa = PBXFileReference; explicitFileType = undefined; fileEncoding = 9; includeInIndex = 0; lastKnownFileType = unknown; name = "Montserrat-Regular.ttf"; path = "../assets/fonts/Montserrat-Regular.ttf"; sourceTree = "<group>"; };
		CC7C734A5B6C40CA9873E4CB /* Montserrat-ExtraLight.ttf */ = {isa = PBXFileReference; explicitFileType = undefined; fileEncoding = 9; includeInIndex = 0; lastKnownFileType = unknown; name = "Montserrat-ExtraLight.ttf"; path = "../assets/fonts/Montserrat-ExtraLight.ttf"; sourceTree = "<group>"; };
		CE0ABA9FA1BDE151C40FDB4E /* Pods-QbuyPandaDriverApp-QbuyPandaDriverAppTests.release.xcconfig */ = {isa = PBXFileReference; includeInIndex = 1; lastKnownFileType = text.xcconfig; name = "Pods-QbuyPandaDriverApp-QbuyPandaDriverAppTests.release.xcconfig"; path = "Target Support Files/Pods-QbuyPandaDriverApp-QbuyPandaDriverAppTests/Pods-QbuyPandaDriverApp-QbuyPandaDriverAppTests.release.xcconfig"; sourceTree = "<group>"; };
		DD2FBABD1789E08D70E8D331 /* Pods-QbuyPandaDriverApp.release.xcconfig */ = {isa = PBXFileReference; includeInIndex = 1; lastKnownFileType = text.xcconfig; name = "Pods-QbuyPandaDriverApp.release.xcconfig"; path = "Target Support Files/Pods-QbuyPandaDriverApp/Pods-QbuyPandaDriverApp.release.xcconfig"; sourceTree = "<group>"; };
		DEE2E00E39404C5790D89834 /* Nunito-Medium.ttf */ = {isa = PBXFileReference; explicitFileType = undefined; fileEncoding = 9; includeInIndex = 0; lastKnownFileType = unknown; name = "Nunito-Medium.ttf"; path = "../assets/fonts/Nunito-Medium.ttf"; sourceTree = "<group>"; };
		ED297162215061F000B7C4FE /* JavaScriptCore.framework */ = {isa = PBXFileReference; lastKnownFileType = wrapper.framework; name = JavaScriptCore.framework; path = System/Library/Frameworks/JavaScriptCore.framework; sourceTree = SDKROOT; };
		EE33587EA4F345ECB5BC6F14 /* Quicksand-Regular.ttf */ = {isa = PBXFileReference; explicitFileType = undefined; fileEncoding = 9; includeInIndex = 0; lastKnownFileType = unknown; name = "Quicksand-Regular.ttf"; path = "../assets/fonts/Quicksand-Regular.ttf"; sourceTree = "<group>"; };
		F93BBABC43CE49E9A5F3FFE5 /* Montserrat-ExtraBold.ttf */ = {isa = PBXFileReference; explicitFileType = undefined; fileEncoding = 9; includeInIndex = 0; lastKnownFileType = unknown; name = "Montserrat-ExtraBold.ttf"; path = "../assets/fonts/Montserrat-ExtraBold.ttf"; sourceTree = "<group>"; };
		FB5C9E1C6CCB4D67A5512BE8 /* Quicksand-Light.ttf */ = {isa = PBXFileReference; explicitFileType = undefined; fileEncoding = 9; includeInIndex = 0; lastKnownFileType = unknown; name = "Quicksand-Light.ttf"; path = "../assets/fonts/Quicksand-Light.ttf"; sourceTree = "<group>"; };
/* End PBXFileReference section */

/* Begin PBXFrameworksBuildPhase section */
		00E356EB1AD99517003FC87E /* Frameworks */ = {
			isa = PBXFrameworksBuildPhase;
			buildActionMask = 2147483647;
			files = (
				A18532B15EF9AD2C9848A95C /* libPods-QbuyPandaDriverApp-QbuyPandaDriverAppTests.a in Frameworks */,
			);
			runOnlyForDeploymentPostprocessing = 0;
		};
		13B07F8C1A680F5B00A75B9A /* Frameworks */ = {
			isa = PBXFrameworksBuildPhase;
			buildActionMask = 2147483647;
			files = (
				1AF9C6F40F53792E87918AA0 /* libPods-QbuyPandaDriverApp.a in Frameworks */,
			);
			runOnlyForDeploymentPostprocessing = 0;
		};
/* End PBXFrameworksBuildPhase section */

/* Begin PBXGroup section */
		00E356EF1AD99517003FC87E /* QbuyPandaDriverAppTests */ = {
			isa = PBXGroup;
			children = (
				00E356F21AD99517003FC87E /* QbuyPandaDriverAppTests.m */,
				00E356F01AD99517003FC87E /* Supporting Files */,
			);
			path = QbuyPandaDriverAppTests;
			sourceTree = "<group>";
		};
		00E356F01AD99517003FC87E /* Supporting Files */ = {
			isa = PBXGroup;
			children = (
				00E356F11AD99517003FC87E /* Info.plist */,
			);
			name = "Supporting Files";
			sourceTree = "<group>";
		};
		13B07FAE1A68108700A75B9A /* QbuyPandaDriverApp */ = {
			isa = PBXGroup;
			children = (
				13B07FAF1A68108700A75B9A /* AppDelegate.h */,
				13B07FB01A68108700A75B9A /* AppDelegate.mm */,
				13B07FB51A68108700A75B9A /* Images.xcassets */,
				13B07FB61A68108700A75B9A /* Info.plist */,
				81AB9BB72411601600AC10FF /* LaunchScreen.storyboard */,
				13B07FB71A68108700A75B9A /* main.m */,
			);
			name = QbuyPandaDriverApp;
			sourceTree = "<group>";
		};
		2D16E6871FA4F8E400B85C8A /* Frameworks */ = {
			isa = PBXGroup;
			children = (
				ED297162215061F000B7C4FE /* JavaScriptCore.framework */,
				43565DF20F26B10F7238ABBB /* libPods-QbuyPandaDriverApp.a */,
				C1205A20C05535A9AE20B3BD /* libPods-QbuyPandaDriverApp-QbuyPandaDriverAppTests.a */,
			);
			name = Frameworks;
			sourceTree = "<group>";
		};
		832341AE1AAA6A7D00B99B32 /* Libraries */ = {
			isa = PBXGroup;
			children = (
			);
			name = Libraries;
			sourceTree = "<group>";
		};
		83CBB9F61A601CBA00E9B192 = {
			isa = PBXGroup;
			children = (
				13B07FAE1A68108700A75B9A /* QbuyPandaDriverApp */,
				832341AE1AAA6A7D00B99B32 /* Libraries */,
				00E356EF1AD99517003FC87E /* QbuyPandaDriverAppTests */,
				83CBBA001A601CBA00E9B192 /* Products */,
				2D16E6871FA4F8E400B85C8A /* Frameworks */,
				BBD78D7AC51CEA395F1C20DB /* Pods */,
				C2F307DEDDA74E769A4FA7C4 /* Resources */,
			);
			indentWidth = 2;
			sourceTree = "<group>";
			tabWidth = 2;
			usesTabs = 0;
		};
		83CBBA001A601CBA00E9B192 /* Products */ = {
			isa = PBXGroup;
			children = (
				13B07F961A680F5B00A75B9A /* QbuyPandaDriverApp.app */,
				00E356EE1AD99517003FC87E /* QbuyPandaDriverAppTests.xctest */,
			);
			name = Products;
			sourceTree = "<group>";
		};
		BBD78D7AC51CEA395F1C20DB /* Pods */ = {
			isa = PBXGroup;
			children = (
				08DB192C6F206D01F04891C5 /* Pods-QbuyPandaDriverApp.debug.xcconfig */,
				DD2FBABD1789E08D70E8D331 /* Pods-QbuyPandaDriverApp.release.xcconfig */,
				9E44F6E5216F075BB29D6EA7 /* Pods-QbuyPandaDriverApp-QbuyPandaDriverAppTests.debug.xcconfig */,
				CE0ABA9FA1BDE151C40FDB4E /* Pods-QbuyPandaDriverApp-QbuyPandaDriverAppTests.release.xcconfig */,
			);
			path = Pods;
			sourceTree = "<group>";
		};
		C2F307DEDDA74E769A4FA7C4 /* Resources */ = {
			isa = PBXGroup;
			children = (
				224BE23D5C3F4D0B95C42369 /* Montserrat-Bold.ttf */,
				F93BBABC43CE49E9A5F3FFE5 /* Montserrat-ExtraBold.ttf */,
				CC7C734A5B6C40CA9873E4CB /* Montserrat-ExtraLight.ttf */,
				7CFBC1E0BBA24EB08C81C902 /* Montserrat-Light.ttf */,
				2FD7D78A3348417F9647DE27 /* Montserrat-Medium.ttf */,
				CBD04102FCA6453C88AAFAC4 /* Montserrat-Regular.ttf */,
				1A0FE17DC9E740DDA71C5E65 /* Montserrat-SemiBold.ttf */,
				6D698388D1F3482982ECA381 /* Montserrat-Thin.ttf */,
				115D643DF5644E00A170A1EE /* Nunito-Bold.ttf */,
				53C39683E333418FA66F0721 /* Nunito-ExtraBold.ttf */,
				2F2A287D94BA45CFA8AFF0EF /* Nunito-ExtraLight.ttf */,
				8E01864AD2084AE99D481FE1 /* Nunito-Light.ttf */,
				DEE2E00E39404C5790D89834 /* Nunito-Medium.ttf */,
				24FC1EA563334574B2119BE6 /* Nunito-Regular.ttf */,
				419D5D51EEF14236A1FC073E /* Nunito-SemiBold.ttf */,
				4867A82EE35F4D84BE772C06 /* Poppins-BlackItalic.ttf */,
				69E26039B3094A21A7B6A296 /* Poppins-Bold.ttf */,
				1B186B89878B4F5AA346827A /* Poppins-BoldItalic.ttf */,
				4BBA0E98C0464FBBBE20834D /* Poppins-ExtraBold.ttf */,
				826098DAF64947A3818F83A7 /* Poppins-ExtraLight.ttf */,
				28F2944123CF4AE8A0854985 /* Poppins-Light.ttf */,
				0AC94A02E3114143A33D87B4 /* Poppins-LightItalic.ttf */,
				5CD6B81D6DA64D85AD603045 /* Poppins-Medium.ttf */,
				0E2D280536164BB78E481BE0 /* Poppins-MediumItalic.ttf */,
				1F056778C2CA40418851502F /* Poppins-Regular.ttf */,
				22D23F0739BB4C31BCD182AC /* Poppins-SemiBold.ttf */,
				383CF1B50DD948E3AB07C336 /* Poppins-Thin.ttf */,
				2323D5C2F7C54A2C8CC58354 /* Quicksand-Bold.ttf */,
				FB5C9E1C6CCB4D67A5512BE8 /* Quicksand-Light.ttf */,
				4F697EA2B8DD423883748C99 /* Quicksand-Medium.ttf */,
				EE33587EA4F345ECB5BC6F14 /* Quicksand-Regular.ttf */,
				4BAAA24D65244B8AACF5E1AE /* Quicksand-SemiBold.ttf */,
			);
			name = Resources;
			sourceTree = "<group>";
		};
/* End PBXGroup section */

/* Begin PBXNativeTarget section */
		00E356ED1AD99517003FC87E /* QbuyPandaDriverAppTests */ = {
			isa = PBXNativeTarget;
			buildConfigurationList = 00E357021AD99517003FC87E /* Build configuration list for PBXNativeTarget "QbuyPandaDriverAppTests" */;
			buildPhases = (
				F5B1E37AD07DF56848F61964 /* [CP] Check Pods Manifest.lock */,
				00E356EA1AD99517003FC87E /* Sources */,
				00E356EB1AD99517003FC87E /* Frameworks */,
				00E356EC1AD99517003FC87E /* Resources */,
				7205D403A47B188F0F214A55 /* [CP] Embed Pods Frameworks */,
				032A6914DD67FFBD347294EE /* [CP] Copy Pods Resources */,
			);
			buildRules = (
			);
			dependencies = (
				00E356F51AD99517003FC87E /* PBXTargetDependency */,
			);
			name = QbuyPandaDriverAppTests;
			productName = QbuyPandaDriverAppTests;
			productReference = 00E356EE1AD99517003FC87E /* QbuyPandaDriverAppTests.xctest */;
			productType = "com.apple.product-type.bundle.unit-test";
		};
		13B07F861A680F5B00A75B9A /* QbuyPandaDriverApp */ = {
			isa = PBXNativeTarget;
			buildConfigurationList = 13B07F931A680F5B00A75B9A /* Build configuration list for PBXNativeTarget "QbuyPandaDriverApp" */;
			buildPhases = (
				6F462B7882943249ED4AD2C9 /* [CP] Check Pods Manifest.lock */,
				FD10A7F022414F080027D42C /* Start Packager */,
				13B07F871A680F5B00A75B9A /* Sources */,
				13B07F8C1A680F5B00A75B9A /* Frameworks */,
				13B07F8E1A680F5B00A75B9A /* Resources */,
				00DD1BFF1BD5951E006B06BC /* Bundle React Native code and images */,
				4AF43137A0CD0A270A7BE128 /* [CP] Embed Pods Frameworks */,
				F0A3399FE1C793D155DDCF96 /* [CP] Copy Pods Resources */,
			);
			buildRules = (
			);
			dependencies = (
			);
			name = QbuyPandaDriverApp;
			productName = QbuyPandaDriverApp;
			productReference = 13B07F961A680F5B00A75B9A /* QbuyPandaDriverApp.app */;
			productType = "com.apple.product-type.application";
		};
/* End PBXNativeTarget section */

/* Begin PBXProject section */
		83CBB9F71A601CBA00E9B192 /* Project object */ = {
			isa = PBXProject;
			attributes = {
				LastUpgradeCheck = 1210;
				TargetAttributes = {
					00E356ED1AD99517003FC87E = {
						CreatedOnToolsVersion = 6.2;
						TestTargetID = 13B07F861A680F5B00A75B9A;
					};
					13B07F861A680F5B00A75B9A = {
						LastSwiftMigration = 1120;
					};
				};
			};
			buildConfigurationList = 83CBB9FA1A601CBA00E9B192 /* Build configuration list for PBXProject "QbuyPandaDriverApp" */;
			compatibilityVersion = "Xcode 12.0";
			developmentRegion = en;
			hasScannedForEncodings = 0;
			knownRegions = (
				en,
				Base,
			);
			mainGroup = 83CBB9F61A601CBA00E9B192;
			productRefGroup = 83CBBA001A601CBA00E9B192 /* Products */;
			projectDirPath = "";
			projectRoot = "";
			targets = (
				13B07F861A680F5B00A75B9A /* QbuyPandaDriverApp */,
				00E356ED1AD99517003FC87E /* QbuyPandaDriverAppTests */,
			);
		};
/* End PBXProject section */

/* Begin PBXResourcesBuildPhase section */
		00E356EC1AD99517003FC87E /* Resources */ = {
			isa = PBXResourcesBuildPhase;
			buildActionMask = 2147483647;
			files = (
			);
			runOnlyForDeploymentPostprocessing = 0;
		};
		13B07F8E1A680F5B00A75B9A /* Resources */ = {
			isa = PBXResourcesBuildPhase;
			buildActionMask = 2147483647;
			files = (
				81AB9BB82411601600AC10FF /* LaunchScreen.storyboard in Resources */,
				13B07FBF1A68108700A75B9A /* Images.xcassets in Resources */,
				3A21B262B29248F8A83CE51E /* Montserrat-Bold.ttf in Resources */,
				CDABAD51B90F472FA410197B /* Montserrat-ExtraBold.ttf in Resources */,
				D8D475B22D6349AB9FDFE7B5 /* Montserrat-ExtraLight.ttf in Resources */,
				5187BB2B92544F56BEA776FE /* Montserrat-Light.ttf in Resources */,
				00B27F0D0D494F579C2AF022 /* Montserrat-Medium.ttf in Resources */,
				EBDB039840ED49E7BCEBB4AC /* Montserrat-Regular.ttf in Resources */,
				084C9B0F91D245AA8DBB00C5 /* Montserrat-SemiBold.ttf in Resources */,
				4D8FD209388648E1818FACCC /* Montserrat-Thin.ttf in Resources */,
				839A399E0E884E6A8C94FE25 /* Nunito-Bold.ttf in Resources */,
				5E7F9A5FF6224F459B300A36 /* Nunito-ExtraBold.ttf in Resources */,
				9A12AE6853D74EEEA8E73B00 /* Nunito-ExtraLight.ttf in Resources */,
				F648035E02944542B92BA51C /* Nunito-Light.ttf in Resources */,
				924ACA6F030141AC96E287CC /* Nunito-Medium.ttf in Resources */,
				E7B7555FFC6649A298BFAF10 /* Nunito-Regular.ttf in Resources */,
				B982237B0F9C492DBD518393 /* Nunito-SemiBold.ttf in Resources */,
				B5F9E1A13F2945619277DBCD /* Poppins-BlackItalic.ttf in Resources */,
				E22F7FE19582436CBFD0A2CA /* Poppins-Bold.ttf in Resources */,
				4965A0DB093E4D949620D52A /* Poppins-BoldItalic.ttf in Resources */,
				19E887195C19417F87D78D35 /* Poppins-ExtraBold.ttf in Resources */,
				5F249BDEC6894D74B88AF9C0 /* Poppins-ExtraLight.ttf in Resources */,
				705A4E525A0745F0B1B29FB7 /* Poppins-Light.ttf in Resources */,
				D055391709584C5F949C3477 /* Poppins-LightItalic.ttf in Resources */,
				83A70E22D4CB461D9FACAD7A /* Poppins-Medium.ttf in Resources */,
				5F6B3AEDC413410F92F7803D /* Poppins-MediumItalic.ttf in Resources */,
				739FC66352FD4531BCD8761D /* Poppins-Regular.ttf in Resources */,
				09DADACDA5DD4A0A9F0A9A69 /* Poppins-SemiBold.ttf in Resources */,
				D795A2E16F20456F96588590 /* Poppins-Thin.ttf in Resources */,
				511171C0683C4850A230AF62 /* Quicksand-Bold.ttf in Resources */,
				41A9E08E723B482184815599 /* Quicksand-Light.ttf in Resources */,
				31A1D7ED282F46E3BEF49E8C /* Quicksand-Medium.ttf in Resources */,
				0CD146F10F1B442293649FFD /* Quicksand-Regular.ttf in Resources */,
				A0DD5252B770454CA01906CD /* Quicksand-SemiBold.ttf in Resources */,
			);
			runOnlyForDeploymentPostprocessing = 0;
		};
/* End PBXResourcesBuildPhase section */

/* Begin PBXShellScriptBuildPhase section */
		00DD1BFF1BD5951E006B06BC /* Bundle React Native code and images */ = {
			isa = PBXShellScriptBuildPhase;
			buildActionMask = 2147483647;
			files = (
			);
			inputPaths = (
				"$(SRCROOT)/.xcode.env.local",
				"$(SRCROOT)/.xcode.env",
			);
			name = "Bundle React Native code and images";
			outputPaths = (
			);
			runOnlyForDeploymentPostprocessing = 0;
			shellPath = /bin/sh;
			shellScript = "set -e\n\nWITH_ENVIRONMENT=\"../node_modules/react-native/scripts/xcode/with-environment.sh\"\nREACT_NATIVE_XCODE=\"../node_modules/react-native/scripts/react-native-xcode.sh\"\n\n/bin/sh -c \"$WITH_ENVIRONMENT $REACT_NATIVE_XCODE\"\n";
		};
		032A6914DD67FFBD347294EE /* [CP] Copy Pods Resources */ = {
			isa = PBXShellScriptBuildPhase;
			buildActionMask = 2147483647;
			files = (
			);
			inputFileListPaths = (
				"${PODS_ROOT}/Target Support Files/Pods-QbuyPandaDriverApp-QbuyPandaDriverAppTests/Pods-QbuyPandaDriverApp-QbuyPandaDriverAppTests-resources-${CONFIGURATION}-input-files.xcfilelist",
			);
			name = "[CP] Copy Pods Resources";
			outputFileListPaths = (
				"${PODS_ROOT}/Target Support Files/Pods-QbuyPandaDriverApp-QbuyPandaDriverAppTests/Pods-QbuyPandaDriverApp-QbuyPandaDriverAppTests-resources-${CONFIGURATION}-output-files.xcfilelist",
			);
			runOnlyForDeploymentPostprocessing = 0;
			shellPath = /bin/sh;
			shellScript = "\"${PODS_ROOT}/Target Support Files/Pods-QbuyPandaDriverApp-QbuyPandaDriverAppTests/Pods-QbuyPandaDriverApp-QbuyPandaDriverAppTests-resources.sh\"\n";
			showEnvVarsInLog = 0;
		};
		4AF43137A0CD0A270A7BE128 /* [CP] Embed Pods Frameworks */ = {
			isa = PBXShellScriptBuildPhase;
			buildActionMask = 2147483647;
			files = (
			);
			inputFileListPaths = (
				"${PODS_ROOT}/Target Support Files/Pods-QbuyPandaDriverApp/Pods-QbuyPandaDriverApp-frameworks-${CONFIGURATION}-input-files.xcfilelist",
			);
			name = "[CP] Embed Pods Frameworks";
			outputFileListPaths = (
				"${PODS_ROOT}/Target Support Files/Pods-QbuyPandaDriverApp/Pods-QbuyPandaDriverApp-frameworks-${CONFIGURATION}-output-files.xcfilelist",
			);
			runOnlyForDeploymentPostprocessing = 0;
			shellPath = /bin/sh;
			shellScript = "\"${PODS_ROOT}/Target Support Files/Pods-QbuyPandaDriverApp/Pods-QbuyPandaDriverApp-frameworks.sh\"\n";
			showEnvVarsInLog = 0;
		};
		6F462B7882943249ED4AD2C9 /* [CP] Check Pods Manifest.lock */ = {
			isa = PBXShellScriptBuildPhase;
			buildActionMask = 2147483647;
			files = (
			);
			inputFileListPaths = (
			);
			inputPaths = (
				"${PODS_PODFILE_DIR_PATH}/Podfile.lock",
				"${PODS_ROOT}/Manifest.lock",
			);
			name = "[CP] Check Pods Manifest.lock";
			outputFileListPaths = (
			);
			outputPaths = (
				"$(DERIVED_FILE_DIR)/Pods-QbuyPandaDriverApp-checkManifestLockResult.txt",
			);
			runOnlyForDeploymentPostprocessing = 0;
			shellPath = /bin/sh;
			shellScript = "diff \"${PODS_PODFILE_DIR_PATH}/Podfile.lock\" \"${PODS_ROOT}/Manifest.lock\" > /dev/null\nif [ $? != 0 ] ; then\n    # print error to STDERR\n    echo \"error: The sandbox is not in sync with the Podfile.lock. Run 'pod install' or update your CocoaPods installation.\" >&2\n    exit 1\nfi\n# This output is used by Xcode 'outputs' to avoid re-running this script phase.\necho \"SUCCESS\" > \"${SCRIPT_OUTPUT_FILE_0}\"\n";
			showEnvVarsInLog = 0;
		};
		7205D403A47B188F0F214A55 /* [CP] Embed Pods Frameworks */ = {
			isa = PBXShellScriptBuildPhase;
			buildActionMask = 2147483647;
			files = (
			);
			inputFileListPaths = (
				"${PODS_ROOT}/Target Support Files/Pods-QbuyPandaDriverApp-QbuyPandaDriverAppTests/Pods-QbuyPandaDriverApp-QbuyPandaDriverAppTests-frameworks-${CONFIGURATION}-input-files.xcfilelist",
			);
			name = "[CP] Embed Pods Frameworks";
			outputFileListPaths = (
				"${PODS_ROOT}/Target Support Files/Pods-QbuyPandaDriverApp-QbuyPandaDriverAppTests/Pods-QbuyPandaDriverApp-QbuyPandaDriverAppTests-frameworks-${CONFIGURATION}-output-files.xcfilelist",
			);
			runOnlyForDeploymentPostprocessing = 0;
			shellPath = /bin/sh;
			shellScript = "\"${PODS_ROOT}/Target Support Files/Pods-QbuyPandaDriverApp-QbuyPandaDriverAppTests/Pods-QbuyPandaDriverApp-QbuyPandaDriverAppTests-frameworks.sh\"\n";
			showEnvVarsInLog = 0;
		};
		F0A3399FE1C793D155DDCF96 /* [CP] Copy Pods Resources */ = {
			isa = PBXShellScriptBuildPhase;
			buildActionMask = 2147483647;
			files = (
			);
			inputFileListPaths = (
				"${PODS_ROOT}/Target Support Files/Pods-QbuyPandaDriverApp/Pods-QbuyPandaDriverApp-resources-${CONFIGURATION}-input-files.xcfilelist",
			);
			name = "[CP] Copy Pods Resources";
			outputFileListPaths = (
				"${PODS_ROOT}/Target Support Files/Pods-QbuyPandaDriverApp/Pods-QbuyPandaDriverApp-resources-${CONFIGURATION}-output-files.xcfilelist",
			);
			runOnlyForDeploymentPostprocessing = 0;
			shellPath = /bin/sh;
			shellScript = "\"${PODS_ROOT}/Target Support Files/Pods-QbuyPandaDriverApp/Pods-QbuyPandaDriverApp-resources.sh\"\n";
			showEnvVarsInLog = 0;
		};
		F5B1E37AD07DF56848F61964 /* [CP] Check Pods Manifest.lock */ = {
			isa = PBXShellScriptBuildPhase;
			buildActionMask = 2147483647;
			files = (
			);
			inputFileListPaths = (
			);
			inputPaths = (
				"${PODS_PODFILE_DIR_PATH}/Podfile.lock",
				"${PODS_ROOT}/Manifest.lock",
			);
			name = "[CP] Check Pods Manifest.lock";
			outputFileListPaths = (
			);
			outputPaths = (
				"$(DERIVED_FILE_DIR)/Pods-QbuyPandaDriverApp-QbuyPandaDriverAppTests-checkManifestLockResult.txt",
			);
			runOnlyForDeploymentPostprocessing = 0;
			shellPath = /bin/sh;
			shellScript = "diff \"${PODS_PODFILE_DIR_PATH}/Podfile.lock\" \"${PODS_ROOT}/Manifest.lock\" > /dev/null\nif [ $? != 0 ] ; then\n    # print error to STDERR\n    echo \"error: The sandbox is not in sync with the Podfile.lock. Run 'pod install' or update your CocoaPods installation.\" >&2\n    exit 1\nfi\n# This output is used by Xcode 'outputs' to avoid re-running this script phase.\necho \"SUCCESS\" > \"${SCRIPT_OUTPUT_FILE_0}\"\n";
			showEnvVarsInLog = 0;
		};
		FD10A7F022414F080027D42C /* Start Packager */ = {
			isa = PBXShellScriptBuildPhase;
			buildActionMask = 2147483647;
			files = (
			);
			inputFileListPaths = (
			);
			inputPaths = (
			);
			name = "Start Packager";
			outputFileListPaths = (
			);
			outputPaths = (
			);
			runOnlyForDeploymentPostprocessing = 0;
			shellPath = /bin/sh;
			shellScript = "export RCT_METRO_PORT=\"${RCT_METRO_PORT:=8081}\"\necho \"export RCT_METRO_PORT=${RCT_METRO_PORT}\" > \"${SRCROOT}/../node_modules/react-native/scripts/.packager.env\"\nif [ -z \"${RCT_NO_LAUNCH_PACKAGER+xxx}\" ] ; then\n  if nc -w 5 -z localhost ${RCT_METRO_PORT} ; then\n    if ! curl -s \"http://localhost:${RCT_METRO_PORT}/status\" | grep -q \"packager-status:running\" ; then\n      echo \"Port ${RCT_METRO_PORT} already in use, packager is either not running or not running correctly\"\n      exit 2\n    fi\n  else\n    open \"$SRCROOT/../node_modules/react-native/scripts/launchPackager.command\" || echo \"Can't start packager automatically\"\n  fi\nfi\n";
			showEnvVarsInLog = 0;
		};
/* End PBXShellScriptBuildPhase section */

/* Begin PBXSourcesBuildPhase section */
		00E356EA1AD99517003FC87E /* Sources */ = {
			isa = PBXSourcesBuildPhase;
			buildActionMask = 2147483647;
			files = (
				00E356F31AD99517003FC87E /* QbuyPandaDriverAppTests.m in Sources */,
			);
			runOnlyForDeploymentPostprocessing = 0;
		};
		13B07F871A680F5B00A75B9A /* Sources */ = {
			isa = PBXSourcesBuildPhase;
			buildActionMask = 2147483647;
			files = (
				13B07FBC1A68108700A75B9A /* AppDelegate.mm in Sources */,
				13B07FC11A68108700A75B9A /* main.m in Sources */,
			);
			runOnlyForDeploymentPostprocessing = 0;
		};
/* End PBXSourcesBuildPhase section */

/* Begin PBXTargetDependency section */
		00E356F51AD99517003FC87E /* PBXTargetDependency */ = {
			isa = PBXTargetDependency;
			target = 13B07F861A680F5B00A75B9A /* QbuyPandaDriverApp */;
			targetProxy = 00E356F41AD99517003FC87E /* PBXContainerItemProxy */;
		};
/* End PBXTargetDependency section */

/* Begin XCBuildConfiguration section */
		00E356F61AD99517003FC87E /* Debug */ = {
			isa = XCBuildConfiguration;
			baseConfigurationReference = 9E44F6E5216F075BB29D6EA7 /* Pods-QbuyPandaDriverApp-QbuyPandaDriverAppTests.debug.xcconfig */;
			buildSettings = {
				BUNDLE_LOADER = "$(TEST_HOST)";
				GCC_PREPROCESSOR_DEFINITIONS = (
					"DEBUG=1",
					"$(inherited)",
				);
				INFOPLIST_FILE = QbuyPandaDriverAppTests/Info.plist;
				IPHONEOS_DEPLOYMENT_TARGET = 12.4;
				LD_RUNPATH_SEARCH_PATHS = (
					"$(inherited)",
					"@executable_path/Frameworks",
					"@loader_path/Frameworks",
				);
				OTHER_LDFLAGS = (
					"-ObjC",
					"-lc++",
					"$(inherited)",
				);
				PRODUCT_BUNDLE_IDENTIFIER = "org.reactjs.native.example.$(PRODUCT_NAME:rfc1034identifier)";
				PRODUCT_NAME = "$(TARGET_NAME)";
				TEST_HOST = "$(BUILT_PRODUCTS_DIR)/QbuyPandaDriverApp.app/QbuyPandaDriverApp";
			};
			name = Debug;
		};
		00E356F71AD99517003FC87E /* Release */ = {
			isa = XCBuildConfiguration;
			baseConfigurationReference = CE0ABA9FA1BDE151C40FDB4E /* Pods-QbuyPandaDriverApp-QbuyPandaDriverAppTests.release.xcconfig */;
			buildSettings = {
				BUNDLE_LOADER = "$(TEST_HOST)";
				COPY_PHASE_STRIP = NO;
				INFOPLIST_FILE = QbuyPandaDriverAppTests/Info.plist;
				IPHONEOS_DEPLOYMENT_TARGET = 12.4;
				LD_RUNPATH_SEARCH_PATHS = (
					"$(inherited)",
					"@executable_path/Frameworks",
					"@loader_path/Frameworks",
				);
				OTHER_LDFLAGS = (
					"-ObjC",
					"-lc++",
					"$(inherited)",
				);
				PRODUCT_BUNDLE_IDENTIFIER = "org.reactjs.native.example.$(PRODUCT_NAME:rfc1034identifier)";
				PRODUCT_NAME = "$(TARGET_NAME)";
				TEST_HOST = "$(BUILT_PRODUCTS_DIR)/QbuyPandaDriverApp.app/QbuyPandaDriverApp";
			};
			name = Release;
		};
		13B07F941A680F5B00A75B9A /* Debug */ = {
			isa = XCBuildConfiguration;
			baseConfigurationReference = 08DB192C6F206D01F04891C5 /* Pods-QbuyPandaDriverApp.debug.xcconfig */;
			buildSettings = {
				ASSETCATALOG_COMPILER_APPICON_NAME = AppIcon;
				CLANG_ENABLE_MODULES = YES;
				CURRENT_PROJECT_VERSION = 1;
				DEVELOPMENT_TEAM = S6VQK3KKH5;
				ENABLE_BITCODE = NO;
				INFOPLIST_FILE = QbuyPandaDriverApp/Info.plist;
				LD_RUNPATH_SEARCH_PATHS = (
					"$(inherited)",
					"@executable_path/Frameworks",
				);
				MARKETING_VERSION = 1.0;
				OTHER_LDFLAGS = (
					"$(inherited)",
					"-ObjC",
					"-lc++",
				);
				PRODUCT_BUNDLE_IDENTIFIER = "org.reactjs.native.example.$(PRODUCT_NAME:rfc1034identifier)";
				PRODUCT_NAME = QbuyPandaDriverApp;
				SWIFT_OPTIMIZATION_LEVEL = "-Onone";
				SWIFT_VERSION = 5.0;
				VERSIONING_SYSTEM = "apple-generic";
			};
			name = Debug;
		};
		13B07F951A680F5B00A75B9A /* Release */ = {
			isa = XCBuildConfiguration;
			baseConfigurationReference = DD2FBABD1789E08D70E8D331 /* Pods-QbuyPandaDriverApp.release.xcconfig */;
			buildSettings = {
				ASSETCATALOG_COMPILER_APPICON_NAME = AppIcon;
				CLANG_ENABLE_MODULES = YES;
				CURRENT_PROJECT_VERSION = 1;
				DEVELOPMENT_TEAM = S6VQK3KKH5;
				INFOPLIST_FILE = QbuyPandaDriverApp/Info.plist;
				LD_RUNPATH_SEARCH_PATHS = (
					"$(inherited)",
					"@executable_path/Frameworks",
				);
				MARKETING_VERSION = 1.0;
				OTHER_LDFLAGS = (
					"$(inherited)",
					"-ObjC",
					"-lc++",
				);
				PRODUCT_BUNDLE_IDENTIFIER = "org.reactjs.native.example.$(PRODUCT_NAME:rfc1034identifier)";
				PRODUCT_NAME = QbuyPandaDriverApp;
				SWIFT_VERSION = 5.0;
				VERSIONING_SYSTEM = "apple-generic";
			};
			name = Release;
		};
		83CBBA201A601CBA00E9B192 /* Debug */ = {
			isa = XCBuildConfiguration;
			buildSettings = {
				ALWAYS_SEARCH_USER_PATHS = NO;
				CLANG_ANALYZER_LOCALIZABILITY_NONLOCALIZED = YES;
				CLANG_CXX_LANGUAGE_STANDARD = "c++17";
				CLANG_CXX_LIBRARY = "libc++";
				CLANG_ENABLE_MODULES = YES;
				CLANG_ENABLE_OBJC_ARC = YES;
				CLANG_WARN_BLOCK_CAPTURE_AUTORELEASING = YES;
				CLANG_WARN_BOOL_CONVERSION = YES;
				CLANG_WARN_COMMA = YES;
				CLANG_WARN_CONSTANT_CONVERSION = YES;
				CLANG_WARN_DEPRECATED_OBJC_IMPLEMENTATIONS = YES;
				CLANG_WARN_DIRECT_OBJC_ISA_USAGE = YES_ERROR;
				CLANG_WARN_EMPTY_BODY = YES;
				CLANG_WARN_ENUM_CONVERSION = YES;
				CLANG_WARN_INFINITE_RECURSION = YES;
				CLANG_WARN_INT_CONVERSION = YES;
				CLANG_WARN_NON_LITERAL_NULL_CONVERSION = YES;
				CLANG_WARN_OBJC_IMPLICIT_RETAIN_SELF = YES;
				CLANG_WARN_OBJC_LITERAL_CONVERSION = YES;
				CLANG_WARN_OBJC_ROOT_CLASS = YES_ERROR;
				CLANG_WARN_QUOTED_INCLUDE_IN_FRAMEWORK_HEADER = YES;
				CLANG_WARN_RANGE_LOOP_ANALYSIS = YES;
				CLANG_WARN_STRICT_PROTOTYPES = YES;
				CLANG_WARN_SUSPICIOUS_MOVE = YES;
				CLANG_WARN_UNREACHABLE_CODE = YES;
				CLANG_WARN__DUPLICATE_METHOD_MATCH = YES;
				"CODE_SIGN_IDENTITY[sdk=iphoneos*]" = "iPhone Developer";
				COPY_PHASE_STRIP = NO;
				ENABLE_STRICT_OBJC_MSGSEND = YES;
				ENABLE_TESTABILITY = YES;
				"EXCLUDED_ARCHS[sdk=iphonesimulator*]" = i386;
				GCC_C_LANGUAGE_STANDARD = gnu99;
				GCC_DYNAMIC_NO_PIC = NO;
				GCC_NO_COMMON_BLOCKS = YES;
				GCC_OPTIMIZATION_LEVEL = 0;
				GCC_PREPROCESSOR_DEFINITIONS = (
					"DEBUG=1",
					"$(inherited)",
					_LIBCPP_ENABLE_CXX17_REMOVED_UNARY_BINARY_FUNCTION,
				);
				GCC_SYMBOLS_PRIVATE_EXTERN = NO;
				GCC_WARN_64_TO_32_BIT_CONVERSION = YES;
				GCC_WARN_ABOUT_RETURN_TYPE = YES_ERROR;
				GCC_WARN_UNDECLARED_SELECTOR = YES;
				GCC_WARN_UNINITIALIZED_AUTOS = YES_AGGRESSIVE;
				GCC_WARN_UNUSED_FUNCTION = YES;
				GCC_WARN_UNUSED_VARIABLE = YES;
				IPHONEOS_DEPLOYMENT_TARGET = 12.4;
				LD_RUNPATH_SEARCH_PATHS = (
					/usr/lib/swift,
					"$(inherited)",
				);
				LIBRARY_SEARCH_PATHS = (
					"\"$(SDKROOT)/usr/lib/swift\"",
					"\"$(TOOLCHAIN_DIR)/usr/lib/swift/$(PLATFORM_NAME)\"",
					"\"$(inherited)\"",
				);
				MTL_ENABLE_DEBUG_INFO = YES;
				ONLY_ACTIVE_ARCH = YES;
				OTHER_CFLAGS = "$(inherited)";
				OTHER_CPLUSPLUSFLAGS = (
					"$(OTHER_CFLAGS)",
					"-DFOLLY_NO_CONFIG",
					"-DFOLLY_MOBILE=1",
					"-DFOLLY_USE_LIBCPP=1",
				);
				OTHER_LDFLAGS = (
					"$(inherited)",
					" ",
					"-Wl -ld_classic ",
				);
				REACT_NATIVE_PATH = "${PODS_ROOT}/../../node_modules/react-native";
				SDKROOT = iphoneos;
			};
			name = Debug;
		};
		83CBBA211A601CBA00E9B192 /* Release */ = {
			isa = XCBuildConfiguration;
			buildSettings = {
				ALWAYS_SEARCH_USER_PATHS = NO;
				CLANG_ANALYZER_LOCALIZABILITY_NONLOCALIZED = YES;
				CLANG_CXX_LANGUAGE_STANDARD = "c++17";
				CLANG_CXX_LIBRARY = "libc++";
				CLANG_ENABLE_MODULES = YES;
				CLANG_ENABLE_OBJC_ARC = YES;
				CLANG_WARN_BLOCK_CAPTURE_AUTORELEASING = YES;
				CLANG_WARN_BOOL_CONVERSION = YES;
				CLANG_WARN_COMMA = YES;
				CLANG_WARN_CONSTANT_CONVERSION = YES;
				CLANG_WARN_DEPRECATED_OBJC_IMPLEMENTATIONS = YES;
				CLANG_WARN_DIRECT_OBJC_ISA_USAGE = YES_ERROR;
				CLANG_WARN_EMPTY_BODY = YES;
				CLANG_WARN_ENUM_CONVERSION = YES;
				CLANG_WARN_INFINITE_RECURSION = YES;
				CLANG_WARN_INT_CONVERSION = YES;
				CLANG_WARN_NON_LITERAL_NULL_CONVERSION = YES;
				CLANG_WARN_OBJC_IMPLICIT_RETAIN_SELF = YES;
				CLANG_WARN_OBJC_LITERAL_CONVERSION = YES;
				CLANG_WARN_OBJC_ROOT_CLASS = YES_ERROR;
				CLANG_WARN_QUOTED_INCLUDE_IN_FRAMEWORK_HEADER = YES;
				CLANG_WARN_RANGE_LOOP_ANALYSIS = YES;
				CLANG_WARN_STRICT_PROTOTYPES = YES;
				CLANG_WARN_SUSPICIOUS_MOVE = YES;
				CLANG_WARN_UNREACHABLE_CODE = YES;
				CLANG_WARN__DUPLICATE_METHOD_MATCH = YES;
				"CODE_SIGN_IDENTITY[sdk=iphoneos*]" = "iPhone Developer";
				COPY_PHASE_STRIP = YES;
				ENABLE_NS_ASSERTIONS = NO;
				ENABLE_STRICT_OBJC_MSGSEND = YES;
				"EXCLUDED_ARCHS[sdk=iphonesimulator*]" = i386;
				GCC_C_LANGUAGE_STANDARD = gnu99;
				GCC_NO_COMMON_BLOCKS = YES;
				GCC_PREPROCESSOR_DEFINITIONS = (
					"$(inherited)",
					_LIBCPP_ENABLE_CXX17_REMOVED_UNARY_BINARY_FUNCTION,
				);
				GCC_WARN_64_TO_32_BIT_CONVERSION = YES;
				GCC_WARN_ABOUT_RETURN_TYPE = YES_ERROR;
				GCC_WARN_UNDECLARED_SELECTOR = YES;
				GCC_WARN_UNINITIALIZED_AUTOS = YES_AGGRESSIVE;
				GCC_WARN_UNUSED_FUNCTION = YES;
				GCC_WARN_UNUSED_VARIABLE = YES;
				IPHONEOS_DEPLOYMENT_TARGET = 12.4;
				LD_RUNPATH_SEARCH_PATHS = (
					/usr/lib/swift,
					"$(inherited)",
				);
				LIBRARY_SEARCH_PATHS = (
					"\"$(SDKROOT)/usr/lib/swift\"",
					"\"$(TOOLCHAIN_DIR)/usr/lib/swift/$(PLATFORM_NAME)\"",
					"\"$(inherited)\"",
				);
				MTL_ENABLE_DEBUG_INFO = NO;
				OTHER_CFLAGS = "$(inherited)";
				OTHER_CPLUSPLUSFLAGS = (
					"$(OTHER_CFLAGS)",
					"-DFOLLY_NO_CONFIG",
					"-DFOLLY_MOBILE=1",
					"-DFOLLY_USE_LIBCPP=1",
				);
				OTHER_LDFLAGS = (
					"$(inherited)",
					" ",
					"-Wl -ld_classic ",
				);
				REACT_NATIVE_PATH = "${PODS_ROOT}/../../node_modules/react-native";
				SDKROOT = iphoneos;
				VALIDATE_PRODUCT = YES;
			};
			name = Release;
		};
/* End XCBuildConfiguration section */

/* Begin XCConfigurationList section */
		00E357021AD99517003FC87E /* Build configuration list for PBXNativeTarget "QbuyPandaDriverAppTests" */ = {
			isa = XCConfigurationList;
			buildConfigurations = (
				00E356F61AD99517003FC87E /* Debug */,
				00E356F71AD99517003FC87E /* Release */,
			);
			defaultConfigurationIsVisible = 0;
			defaultConfigurationName = Release;
		};
		13B07F931A680F5B00A75B9A /* Build configuration list for PBXNativeTarget "QbuyPandaDriverApp" */ = {
			isa = XCConfigurationList;
			buildConfigurations = (
				13B07F941A680F5B00A75B9A /* Debug */,
				13B07F951A680F5B00A75B9A /* Release */,
			);
			defaultConfigurationIsVisible = 0;
			defaultConfigurationName = Release;
		};
		83CBB9FA1A601CBA00E9B192 /* Build configuration list for PBXProject "QbuyPandaDriverApp" */ = {
			isa = XCConfigurationList;
			buildConfigurations = (
				83CBBA201A601CBA00E9B192 /* Debug */,
				83CBBA211A601CBA00E9B192 /* Release */,
			);
			defaultConfigurationIsVisible = 0;
			defaultConfigurationName = Release;
		};
/* End XCConfigurationList section */
	};
	rootObject = 83CBB9F71A601CBA00E9B192 /* Project object */;
}
